// !$*UTF8*$!
{
	archiveVersion = 1;
	classes = {
	};
	objectVersion = 56;
	objects = {

/* Begin PBXBuildFile section */
		265239F029869D4F003A3F37 /* LandmarksApp.swift in Sources */ = {isa = PBXBuildFile; fileRef = 265239EF29869D4F003A3F37 /* LandmarksApp.swift */; };
		265239F229869D4F003A3F37 /* ContentView.swift in Sources */ = {isa = PBXBuildFile; fileRef = 265239F129869D4F003A3F37 /* ContentView.swift */; };
		265239F429869D51003A3F37 /* Assets.xcassets in Resources */ = {isa = PBXBuildFile; fileRef = 265239F329869D51003A3F37 /* Assets.xcassets */; };
		265239F729869D51003A3F37 /* Preview Assets.xcassets in Resources */ = {isa = PBXBuildFile; fileRef = 265239F629869D51003A3F37 /* Preview Assets.xcassets */; };
		265239F929869D51003A3F37 /* Persistence.swift in Sources */ = {isa = PBXBuildFile; fileRef = 265239F829869D51003A3F37 /* Persistence.swift */; };
		265239FC29869D51003A3F37 /* Landmarks.xcdatamodeld in Sources */ = {isa = PBXBuildFile; fileRef = 265239FA29869D51003A3F37 /* Landmarks.xcdatamodeld */; };
		26523A0629869D51003A3F37 /* LandmarksTests.swift in Sources */ = {isa = PBXBuildFile; fileRef = 26523A0529869D51003A3F37 /* LandmarksTests.swift */; };
		26523A1029869D52003A3F37 /* LandmarksUITests.swift in Sources */ = {isa = PBXBuildFile; fileRef = 26523A0F29869D52003A3F37 /* LandmarksUITests.swift */; };
		26523A1229869D52003A3F37 /* LandmarksUITestsLaunchTests.swift in Sources */ = {isa = PBXBuildFile; fileRef = 26523A1129869D52003A3F37 /* LandmarksUITestsLaunchTests.swift */; };
		26523A1F2986A955003A3F37 /* CircleImage.swift in Sources */ = {isa = PBXBuildFile; fileRef = 26523A1E2986A955003A3F37 /* CircleImage.swift */; };
		26523A212986AA9C003A3F37 /* MapView.swift in Sources */ = {isa = PBXBuildFile; fileRef = 26523A202986AA9C003A3F37 /* MapView.swift */; };
		26523A262986C126003A3F37 /* Coordinates.swift in Sources */ = {isa = PBXBuildFile; fileRef = 26523A252986C126003A3F37 /* Coordinates.swift */; };
		26523A282986C1FC003A3F37 /* Data.swift in Sources */ = {isa = PBXBuildFile; fileRef = 26523A272986C1FC003A3F37 /* Data.swift */; };
		26523A2A2986C30A003A3F37 /* ImageStore.swift in Sources */ = {isa = PBXBuildFile; fileRef = 26523A292986C30A003A3F37 /* ImageStore.swift */; };
/* End PBXBuildFile section */

/* Begin PBXContainerItemProxy section */
		26523A0229869D51003A3F37 /* PBXContainerItemProxy */ = {
			isa = PBXContainerItemProxy;
			containerPortal = 265239E429869D4F003A3F37 /* Project object */;
			proxyType = 1;
			remoteGlobalIDString = 265239EB29869D4F003A3F37;
			remoteInfo = Landmarks;
		};
		26523A0C29869D51003A3F37 /* PBXContainerItemProxy */ = {
			isa = PBXContainerItemProxy;
			containerPortal = 265239E429869D4F003A3F37 /* Project object */;
			proxyType = 1;
			remoteGlobalIDString = 265239EB29869D4F003A3F37;
			remoteInfo = Landmarks;
		};
/* End PBXContainerItemProxy section */

/* Begin PBXFileReference section */
		265239EC29869D4F003A3F37 /* Landmarks.app */ = {isa = PBXFileReference; explicitFileType = wrapper.application; includeInIndex = 0; path = Landmarks.app; sourceTree = BUILT_PRODUCTS_DIR; };
		265239EF29869D4F003A3F37 /* LandmarksApp.swift */ = {isa = PBXFileReference; lastKnownFileType = sourcecode.swift; path = LandmarksApp.swift; sourceTree = "<group>"; };
		265239F129869D4F003A3F37 /* ContentView.swift */ = {isa = PBXFileReference; lastKnownFileType = sourcecode.swift; path = ContentView.swift; sourceTree = "<group>"; };
		265239F329869D51003A3F37 /* Assets.xcassets */ = {isa = PBXFileReference; lastKnownFileType = folder.assetcatalog; path = Assets.xcassets; sourceTree = "<group>"; };
		265239F629869D51003A3F37 /* Preview Assets.xcassets */ = {isa = PBXFileReference; lastKnownFileType = folder.assetcatalog; path = "Preview Assets.xcassets"; sourceTree = "<group>"; };
		265239F829869D51003A3F37 /* Persistence.swift */ = {isa = PBXFileReference; lastKnownFileType = sourcecode.swift; path = Persistence.swift; sourceTree = "<group>"; };
		265239FB29869D51003A3F37 /* Landmarks.xcdatamodel */ = {isa = PBXFileReference; lastKnownFileType = wrapper.xcdatamodel; path = Landmarks.xcdatamodel; sourceTree = "<group>"; };
		26523A0129869D51003A3F37 /* LandmarksTests.xctest */ = {isa = PBXFileReference; explicitFileType = wrapper.cfbundle; includeInIndex = 0; path = LandmarksTests.xctest; sourceTree = BUILT_PRODUCTS_DIR; };
		26523A0529869D51003A3F37 /* LandmarksTests.swift */ = {isa = PBXFileReference; lastKnownFileType = sourcecode.swift; path = LandmarksTests.swift; sourceTree = "<group>"; };
		26523A0B29869D51003A3F37 /* LandmarksUITests.xctest */ = {isa = PBXFileReference; explicitFileType = wrapper.cfbundle; includeInIndex = 0; path = LandmarksUITests.xctest; sourceTree = BUILT_PRODUCTS_DIR; };
		26523A0F29869D52003A3F37 /* LandmarksUITests.swift */ = {isa = PBXFileReference; lastKnownFileType = sourcecode.swift; path = LandmarksUITests.swift; sourceTree = "<group>"; };
		26523A1129869D52003A3F37 /* LandmarksUITestsLaunchTests.swift */ = {isa = PBXFileReference; lastKnownFileType = sourcecode.swift; path = LandmarksUITestsLaunchTests.swift; sourceTree = "<group>"; };
		26523A1E2986A955003A3F37 /* CircleImage.swift */ = {isa = PBXFileReference; lastKnownFileType = sourcecode.swift; path = CircleImage.swift; sourceTree = "<group>"; };
		26523A202986AA9C003A3F37 /* MapView.swift */ = {isa = PBXFileReference; lastKnownFileType = sourcecode.swift; path = MapView.swift; sourceTree = "<group>"; };
		26523A252986C126003A3F37 /* Coordinates.swift */ = {isa = PBXFileReference; lastKnownFileType = sourcecode.swift; path = Coordinates.swift; sourceTree = "<group>"; };
		26523A272986C1FC003A3F37 /* Data.swift */ = {isa = PBXFileReference; lastKnownFileType = sourcecode.swift; path = Data.swift; sourceTree = "<group>"; };
		26523A292986C30A003A3F37 /* ImageStore.swift */ = {isa = PBXFileReference; lastKnownFileType = sourcecode.swift; path = ImageStore.swift; sourceTree = "<group>"; };
/* End PBXFileReference section */

/* Begin PBXFrameworksBuildPhase section */
		265239E929869D4F003A3F37 /* Frameworks */ = {
			isa = PBXFrameworksBuildPhase;
			buildActionMask = 2147483647;
			files = (
			);
			runOnlyForDeploymentPostprocessing = 0;
		};
		265239FE29869D51003A3F37 /* Frameworks */ = {
			isa = PBXFrameworksBuildPhase;
			buildActionMask = 2147483647;
			files = (
			);
			runOnlyForDeploymentPostprocessing = 0;
		};
		26523A0829869D51003A3F37 /* Frameworks */ = {
			isa = PBXFrameworksBuildPhase;
			buildActionMask = 2147483647;
			files = (
			);
			runOnlyForDeploymentPostprocessing = 0;
		};
/* End PBXFrameworksBuildPhase section */

/* Begin PBXGroup section */
		265239E329869D4F003A3F37 = {
			isa = PBXGroup;
			children = (
				265239EE29869D4F003A3F37 /* Landmarks */,
				26523A0429869D51003A3F37 /* LandmarksTests */,
				26523A0E29869D52003A3F37 /* LandmarksUITests */,
				265239ED29869D4F003A3F37 /* Products */,
			);
			sourceTree = "<group>";
		};
		265239ED29869D4F003A3F37 /* Products */ = {
			isa = PBXGroup;
			children = (
				265239EC29869D4F003A3F37 /* Landmarks.app */,
				26523A0129869D51003A3F37 /* LandmarksTests.xctest */,
				26523A0B29869D51003A3F37 /* LandmarksUITests.xctest */,
			);
			name = Products;
			sourceTree = "<group>";
		};
		265239EE29869D4F003A3F37 /* Landmarks */ = {
			isa = PBXGroup;
			children = (
				26523A222986AEB4003A3F37 /* Model */,
				265239EF29869D4F003A3F37 /* LandmarksApp.swift */,
				265239F129869D4F003A3F37 /* ContentView.swift */,
				26523A1E2986A955003A3F37 /* CircleImage.swift */,
				26523A202986AA9C003A3F37 /* MapView.swift */,
				265239F329869D51003A3F37 /* Assets.xcassets */,
				265239F829869D51003A3F37 /* Persistence.swift */,
				265239FA29869D51003A3F37 /* Landmarks.xcdatamodeld */,
				265239F529869D51003A3F37 /* Preview Content */,
			);
			path = Landmarks;
			sourceTree = "<group>";
		};
		265239F529869D51003A3F37 /* Preview Content */ = {
			isa = PBXGroup;
			children = (
				265239F629869D51003A3F37 /* Preview Assets.xcassets */,
			);
			path = "Preview Content";
			sourceTree = "<group>";
		};
		26523A0429869D51003A3F37 /* LandmarksTests */ = {
			isa = PBXGroup;
			children = (
				26523A0529869D51003A3F37 /* LandmarksTests.swift */,
			);
			path = LandmarksTests;
			sourceTree = "<group>";
		};
		26523A0E29869D52003A3F37 /* LandmarksUITests */ = {
			isa = PBXGroup;
			children = (
				26523A0F29869D52003A3F37 /* LandmarksUITests.swift */,
				26523A1129869D52003A3F37 /* LandmarksUITestsLaunchTests.swift */,
			);
			path = LandmarksUITests;
			sourceTree = "<group>";
		};
		26523A222986AEB4003A3F37 /* Model */ = {
			isa = PBXGroup;
			children = (
				26523A252986C126003A3F37 /* Coordinates.swift */,
				26523A272986C1FC003A3F37 /* Data.swift */,
				26523A292986C30A003A3F37 /* ImageStore.swift */,
			);
			path = Model;
			sourceTree = "<group>";
		};
/* End PBXGroup section */

/* Begin PBXNativeTarget section */
		265239EB29869D4F003A3F37 /* Landmarks */ = {
			isa = PBXNativeTarget;
			buildConfigurationList = 26523A1529869D52003A3F37 /* Build configuration list for PBXNativeTarget "Landmarks" */;
			buildPhases = (
				265239E829869D4F003A3F37 /* Sources */,
				265239E929869D4F003A3F37 /* Frameworks */,
				265239EA29869D4F003A3F37 /* Resources */,
			);
			buildRules = (
			);
			dependencies = (
			);
			name = Landmarks;
			productName = Landmarks;
			productReference = 265239EC29869D4F003A3F37 /* Landmarks.app */;
			productType = "com.apple.product-type.application";
		};
		26523A0029869D51003A3F37 /* LandmarksTests */ = {
			isa = PBXNativeTarget;
			buildConfigurationList = 26523A1829869D52003A3F37 /* Build configuration list for PBXNativeTarget "LandmarksTests" */;
			buildPhases = (
				265239FD29869D51003A3F37 /* Sources */,
				265239FE29869D51003A3F37 /* Frameworks */,
				265239FF29869D51003A3F37 /* Resources */,
			);
			buildRules = (
			);
			dependencies = (
				26523A0329869D51003A3F37 /* PBXTargetDependency */,
			);
			name = LandmarksTests;
			productName = LandmarksTests;
			productReference = 26523A0129869D51003A3F37 /* LandmarksTests.xctest */;
			productType = "com.apple.product-type.bundle.unit-test";
		};
		26523A0A29869D51003A3F37 /* LandmarksUITests */ = {
			isa = PBXNativeTarget;
			buildConfigurationList = 26523A1B29869D52003A3F37 /* Build configuration list for PBXNativeTarget "LandmarksUITests" */;
			buildPhases = (
				26523A0729869D51003A3F37 /* Sources */,
				26523A0829869D51003A3F37 /* Frameworks */,
				26523A0929869D51003A3F37 /* Resources */,
			);
			buildRules = (
			);
			dependencies = (
				26523A0D29869D51003A3F37 /* PBXTargetDependency */,
			);
			name = LandmarksUITests;
			productName = LandmarksUITests;
			productReference = 26523A0B29869D51003A3F37 /* LandmarksUITests.xctest */;
			productType = "com.apple.product-type.bundle.ui-testing";
		};
/* End PBXNativeTarget section */

/* Begin PBXProject section */
		265239E429869D4F003A3F37 /* Project object */ = {
			isa = PBXProject;
			attributes = {
				BuildIndependentTargetsInParallel = 1;
				LastSwiftUpdateCheck = 1410;
				LastUpgradeCheck = 1410;
				TargetAttributes = {
					265239EB29869D4F003A3F37 = {
						CreatedOnToolsVersion = 14.1;
					};
					26523A0029869D51003A3F37 = {
						CreatedOnToolsVersion = 14.1;
						TestTargetID = 265239EB29869D4F003A3F37;
					};
					26523A0A29869D51003A3F37 = {
						CreatedOnToolsVersion = 14.1;
						TestTargetID = 265239EB29869D4F003A3F37;
					};
				};
			};
			buildConfigurationList = 265239E729869D4F003A3F37 /* Build configuration list for PBXProject "Landmarks" */;
			compatibilityVersion = "Xcode 14.0";
			developmentRegion = en;
			hasScannedForEncodings = 0;
			knownRegions = (
				en,
				Base,
			);
			mainGroup = 265239E329869D4F003A3F37;
			productRefGroup = 265239ED29869D4F003A3F37 /* Products */;
			projectDirPath = "";
			projectRoot = "";
			targets = (
				265239EB29869D4F003A3F37 /* Landmarks */,
				26523A0029869D51003A3F37 /* LandmarksTests */,
				26523A0A29869D51003A3F37 /* LandmarksUITests */,
			);
		};
/* End PBXProject section */

/* Begin PBXResourcesBuildPhase section */
		265239EA29869D4F003A3F37 /* Resources */ = {
			isa = PBXResourcesBuildPhase;
			buildActionMask = 2147483647;
			files = (
				265239F729869D51003A3F37 /* Preview Assets.xcassets in Resources */,
				265239F429869D51003A3F37 /* Assets.xcassets in Resources */,
			);
			runOnlyForDeploymentPostprocessing = 0;
		};
		265239FF29869D51003A3F37 /* Resources */ = {
			isa = PBXResourcesBuildPhase;
			buildActionMask = 2147483647;
			files = (
			);
			runOnlyForDeploymentPostprocessing = 0;
		};
		26523A0929869D51003A3F37 /* Resources */ = {
			isa = PBXResourcesBuildPhase;
			buildActionMask = 2147483647;
			files = (
			);
			runOnlyForDeploymentPostprocessing = 0;
		};
/* End PBXResourcesBuildPhase section */

/* Begin PBXSourcesBuildPhase section */
		265239E829869D4F003A3F37 /* Sources */ = {
			isa = PBXSourcesBuildPhase;
			buildActionMask = 2147483647;
			files = (
				265239F929869D51003A3F37 /* Persistence.swift in Sources */,
				26523A212986AA9C003A3F37 /* MapView.swift in Sources */,
				265239F229869D4F003A3F37 /* ContentView.swift in Sources */,
				26523A2A2986C30A003A3F37 /* ImageStore.swift in Sources */,
				265239F029869D4F003A3F37 /* LandmarksApp.swift in Sources */,
				265239FC29869D51003A3F37 /* Landmarks.xcdatamodeld in Sources */,
				26523A1F2986A955003A3F37 /* CircleImage.swift in Sources */,
				26523A282986C1FC003A3F37 /* Data.swift in Sources */,
				26523A262986C126003A3F37 /* Coordinates.swift in Sources */,
			);
			runOnlyForDeploymentPostprocessing = 0;
		};
		265239FD29869D51003A3F37 /* Sources */ = {
			isa = PBXSourcesBuildPhase;
			buildActionMask = 2147483647;
			files = (
				26523A0629869D51003A3F37 /* LandmarksTests.swift in Sources */,
			);
			runOnlyForDeploymentPostprocessing = 0;
		};
		26523A0729869D51003A3F37 /* Sources */ = {
			isa = PBXSourcesBuildPhase;
			buildActionMask = 2147483647;
			files = (
				26523A1229869D52003A3F37 /* LandmarksUITestsLaunchTests.swift in Sources */,
				26523A1029869D52003A3F37 /* LandmarksUITests.swift in Sources */,
			);
			runOnlyForDeploymentPostprocessing = 0;
		};
/* End PBXSourcesBuildPhase section */

/* Begin PBXTargetDependency section */
		26523A0329869D51003A3F37 /* PBXTargetDependency */ = {
			isa = PBXTargetDependency;
			target = 265239EB29869D4F003A3F37 /* Landmarks */;
			targetProxy = 26523A0229869D51003A3F37 /* PBXContainerItemProxy */;
		};
		26523A0D29869D51003A3F37 /* PBXTargetDependency */ = {
			isa = PBXTargetDependency;
			target = 265239EB29869D4F003A3F37 /* Landmarks */;
			targetProxy = 26523A0C29869D51003A3F37 /* PBXContainerItemProxy */;
		};
/* End PBXTargetDependency section */

/* Begin XCBuildConfiguration section */
		26523A1329869D52003A3F37 /* Debug */ = {
			isa = XCBuildConfiguration;
			buildSettings = {
				ALWAYS_SEARCH_USER_PATHS = NO;
				CLANG_ANALYZER_NONNULL = YES;
				CLANG_ANALYZER_NUMBER_OBJECT_CONVERSION = YES_AGGRESSIVE;
				CLANG_CXX_LANGUAGE_STANDARD = "gnu++20";
				CLANG_ENABLE_MODULES = YES;
				CLANG_ENABLE_OBJC_ARC = YES;
				CLANG_ENABLE_OBJC_WEAK = YES;
				CLANG_WARN_BLOCK_CAPTURE_AUTORELEASING = YES;
				CLANG_WARN_BOOL_CONVERSION = YES;
				CLANG_WARN_COMMA = YES;
				CLANG_WARN_CONSTANT_CONVERSION = YES;
				CLANG_WARN_DEPRECATED_OBJC_IMPLEMENTATIONS = YES;
				CLANG_WARN_DIRECT_OBJC_ISA_USAGE = YES_ERROR;
				CLANG_WARN_DOCUMENTATION_COMMENTS = YES;
				CLANG_WARN_EMPTY_BODY = YES;
				CLANG_WARN_ENUM_CONVERSION = YES;
				CLANG_WARN_INFINITE_RECURSION = YES;
				CLANG_WARN_INT_CONVERSION = YES;
				CLANG_WARN_NON_LITERAL_NULL_CONVERSION = YES;
				CLANG_WARN_OBJC_IMPLICIT_RETAIN_SELF = YES;
				CLANG_WARN_OBJC_LITERAL_CONVERSION = YES;
				CLANG_WARN_OBJC_ROOT_CLASS = YES_ERROR;
				CLANG_WARN_QUOTED_INCLUDE_IN_FRAMEWORK_HEADER = YES;
				CLANG_WARN_RANGE_LOOP_ANALYSIS = YES;
				CLANG_WARN_STRICT_PROTOTYPES = YES;
				CLANG_WARN_SUSPICIOUS_MOVE = YES;
				CLANG_WARN_UNGUARDED_AVAILABILITY = YES_AGGRESSIVE;
				CLANG_WARN_UNREACHABLE_CODE = YES;
				CLANG_WARN__DUPLICATE_METHOD_MATCH = YES;
				COPY_PHASE_STRIP = NO;
				DEBUG_INFORMATION_FORMAT = dwarf;
				ENABLE_STRICT_OBJC_MSGSEND = YES;
				ENABLE_TESTABILITY = YES;
				GCC_C_LANGUAGE_STANDARD = gnu11;
				GCC_DYNAMIC_NO_PIC = NO;
				GCC_NO_COMMON_BLOCKS = YES;
				GCC_OPTIMIZATION_LEVEL = 0;
				GCC_PREPROCESSOR_DEFINITIONS = (
					"DEBUG=1",
					"$(inherited)",
				);
				GCC_WARN_64_TO_32_BIT_CONVERSION = YES;
				GCC_WARN_ABOUT_RETURN_TYPE = YES_ERROR;
				GCC_WARN_UNDECLARED_SELECTOR = YES;
				GCC_WARN_UNINITIALIZED_AUTOS = YES_AGGRESSIVE;
				GCC_WARN_UNUSED_FUNCTION = YES;
				GCC_WARN_UNUSED_VARIABLE = YES;
				IPHONEOS_DEPLOYMENT_TARGET = 16.1;
				MTL_ENABLE_DEBUG_INFO = INCLUDE_SOURCE;
				MTL_FAST_MATH = YES;
				ONLY_ACTIVE_ARCH = YES;
				SDKROOT = iphoneos;
				SWIFT_ACTIVE_COMPILATION_CONDITIONS = DEBUG;
				SWIFT_OPTIMIZATION_LEVEL = "-Onone";
			};
			name = Debug;
		};
		26523A1429869D52003A3F37 /* Release */ = {
			isa = XCBuildConfiguration;
			buildSettings = {
				ALWAYS_SEARCH_USER_PATHS = NO;
				CLANG_ANALYZER_NONNULL = YES;
				CLANG_ANALYZER_NUMBER_OBJECT_CONVERSION = YES_AGGRESSIVE;
				CLANG_CXX_LANGUAGE_STANDARD = "gnu++20";
				CLANG_ENABLE_MODULES = YES;
				CLANG_ENABLE_OBJC_ARC = YES;
				CLANG_ENABLE_OBJC_WEAK = YES;
				CLANG_WARN_BLOCK_CAPTURE_AUTORELEASING = YES;
				CLANG_WARN_BOOL_CONVERSION = YES;
				CLANG_WARN_COMMA = YES;
				CLANG_WARN_CONSTANT_CONVERSION = YES;
				CLANG_WARN_DEPRECATED_OBJC_IMPLEMENTATIONS = YES;
				CLANG_WARN_DIRECT_OBJC_ISA_USAGE = YES_ERROR;
				CLANG_WARN_DOCUMENTATION_COMMENTS = YES;
				CLANG_WARN_EMPTY_BODY = YES;
				CLANG_WARN_ENUM_CONVERSION = YES;
				CLANG_WARN_INFINITE_RECURSION = YES;
				CLANG_WARN_INT_CONVERSION = YES;
				CLANG_WARN_NON_LITERAL_NULL_CONVERSION = YES;
				CLANG_WARN_OBJC_IMPLICIT_RETAIN_SELF = YES;
				CLANG_WARN_OBJC_LITERAL_CONVERSION = YES;
				CLANG_WARN_OBJC_ROOT_CLASS = YES_ERROR;
				CLANG_WARN_QUOTED_INCLUDE_IN_FRAMEWORK_HEADER = YES;
				CLANG_WARN_RANGE_LOOP_ANALYSIS = YES;
				CLANG_WARN_STRICT_PROTOTYPES = YES;
				CLANG_WARN_SUSPICIOUS_MOVE = YES;
				CLANG_WARN_UNGUARDED_AVAILABILITY = YES_AGGRESSIVE;
				CLANG_WARN_UNREACHABLE_CODE = YES;
				CLANG_WARN__DUPLICATE_METHOD_MATCH = YES;
				COPY_PHASE_STRIP = NO;
				DEBUG_INFORMATION_FORMAT = "dwarf-with-dsym";
				ENABLE_NS_ASSERTIONS = NO;
				ENABLE_STRICT_OBJC_MSGSEND = YES;
				GCC_C_LANGUAGE_STANDARD = gnu11;
				GCC_NO_COMMON_BLOCKS = YES;
				GCC_WARN_64_TO_32_BIT_CONVERSION = YES;
				GCC_WARN_ABOUT_RETURN_TYPE = YES_ERROR;
				GCC_WARN_UNDECLARED_SELECTOR = YES;
				GCC_WARN_UNINITIALIZED_AUTOS = YES_AGGRESSIVE;
				GCC_WARN_UNUSED_FUNCTION = YES;
				GCC_WARN_UNUSED_VARIABLE = YES;
				IPHONEOS_DEPLOYMENT_TARGET = 16.1;
				MTL_ENABLE_DEBUG_INFO = NO;
				MTL_FAST_MATH = YES;
				SDKROOT = iphoneos;
				SWIFT_COMPILATION_MODE = wholemodule;
				SWIFT_OPTIMIZATION_LEVEL = "-O";
				VALIDATE_PRODUCT = YES;
			};
			name = Release;
		};
		26523A1629869D52003A3F37 /* Debug */ = {
			isa = XCBuildConfiguration;
			buildSettings = {
				ASSETCATALOG_COMPILER_APPICON_NAME = AppIcon;
				ASSETCATALOG_COMPILER_GLOBAL_ACCENT_COLOR_NAME = AccentColor;
				CODE_SIGN_STYLE = Automatic;
				CURRENT_PROJECT_VERSION = 1;
				DEVELOPMENT_ASSET_PATHS = "\"Landmarks/Preview Content\"";
				DEVELOPMENT_TEAM = DW62KDRSF4;
				ENABLE_PREVIEWS = YES;
				GENERATE_INFOPLIST_FILE = YES;
				INFOPLIST_KEY_UIApplicationSceneManifest_Generation = YES;
				INFOPLIST_KEY_UIApplicationSupportsIndirectInputEvents = YES;
				INFOPLIST_KEY_UILaunchScreen_Generation = YES;
				INFOPLIST_KEY_UISupportedInterfaceOrientations_iPad = "UIInterfaceOrientationPortrait UIInterfaceOrientationPortraitUpsideDown UIInterfaceOrientationLandscapeLeft UIInterfaceOrientationLandscapeRight";
				INFOPLIST_KEY_UISupportedInterfaceOrientations_iPhone = "UIInterfaceOrientationPortrait UIInterfaceOrientationLandscapeLeft UIInterfaceOrientationLandscapeRight";
				LD_RUNPATH_SEARCH_PATHS = (
					"$(inherited)",
					"@executable_path/Frameworks",
				);
				MARKETING_VERSION = 1.0;
				PRODUCT_BUNDLE_IDENTIFIER = "com.dashimaki-dofu.Landmarks";
				PRODUCT_NAME = "$(TARGET_NAME)";
				SWIFT_EMIT_LOC_STRINGS = YES;
				SWIFT_VERSION = 5.0;
				TARGETED_DEVICE_FAMILY = "1,2";
			};
			name = Debug;
		};
		26523A1729869D52003A3F37 /* Release */ = {
			isa = XCBuildConfiguration;
			buildSettings = {
				ASSETCATALOG_COMPILER_APPICON_NAME = AppIcon;
				ASSETCATALOG_COMPILER_GLOBAL_ACCENT_COLOR_NAME = AccentColor;
				CODE_SIGN_STYLE = Automatic;
				CURRENT_PROJECT_VERSION = 1;
				DEVELOPMENT_ASSET_PATHS = "\"Landmarks/Preview Content\"";
				DEVELOPMENT_TEAM = DW62KDRSF4;
				ENABLE_PREVIEWS = YES;
				GENERATE_INFOPLIST_FILE = YES;
				INFOPLIST_KEY_UIApplicationSceneManifest_Generation = YES;
				INFOPLIST_KEY_UIApplicationSupportsIndirectInputEvents = YES;
				INFOPLIST_KEY_UILaunchScreen_Generation = YES;
				INFOPLIST_KEY_UISupportedInterfaceOrientations_iPad = "UIInterfaceOrientationPortrait UIInterfaceOrientationPortraitUpsideDown UIInterfaceOrientationLandscapeLeft UIInterfaceOrientationLandscapeRight";
				INFOPLIST_KEY_UISupportedInterfaceOrientations_iPhone = "UIInterfaceOrientationPortrait UIInterfaceOrientationLandscapeLeft UIInterfaceOrientationLandscapeRight";
				LD_RUNPATH_SEARCH_PATHS = (
					"$(inherited)",
					"@executable_path/Frameworks",
				);
				MARKETING_VERSION = 1.0;
				PRODUCT_BUNDLE_IDENTIFIER = "com.dashimaki-dofu.Landmarks";
				PRODUCT_NAME = "$(TARGET_NAME)";
				SWIFT_EMIT_LOC_STRINGS = YES;
				SWIFT_VERSION = 5.0;
				TARGETED_DEVICE_FAMILY = "1,2";
			};
			name = Release;
		};
		26523A1929869D52003A3F37 /* Debug */ = {
			isa = XCBuildConfiguration;
			buildSettings = {
				ALWAYS_EMBED_SWIFT_STANDARD_LIBRARIES = YES;
				BUNDLE_LOADER = "$(TEST_HOST)";
				CODE_SIGN_STYLE = Automatic;
				CURRENT_PROJECT_VERSION = 1;
				DEVELOPMENT_TEAM = DW62KDRSF4;
				GENERATE_INFOPLIST_FILE = YES;
				IPHONEOS_DEPLOYMENT_TARGET = 16.1;
				MARKETING_VERSION = 1.0;
				PRODUCT_BUNDLE_IDENTIFIER = "com.dashimaki-dofu.LandmarksTests";
				PRODUCT_NAME = "$(TARGET_NAME)";
				SWIFT_EMIT_LOC_STRINGS = NO;
				SWIFT_VERSION = 5.0;
				TARGETED_DEVICE_FAMILY = "1,2";
				TEST_HOST = "$(BUILT_PRODUCTS_DIR)/Landmarks.app/$(BUNDLE_EXECUTABLE_FOLDER_PATH)/Landmarks";
			};
			name = Debug;
		};
		26523A1A29869D52003A3F37 /* Release */ = {
			isa = XCBuildConfiguration;
			buildSettings = {
				ALWAYS_EMBED_SWIFT_STANDARD_LIBRARIES = YES;
				BUNDLE_LOADER = "$(TEST_HOST)";
				CODE_SIGN_STYLE = Automatic;
				CURRENT_PROJECT_VERSION = 1;
				DEVELOPMENT_TEAM = DW62KDRSF4;
				GENERATE_INFOPLIST_FILE = YES;
				IPHONEOS_DEPLOYMENT_TARGET = 16.1;
				MARKETING_VERSION = 1.0;
				PRODUCT_BUNDLE_IDENTIFIER = "com.dashimaki-dofu.LandmarksTests";
				PRODUCT_NAME = "$(TARGET_NAME)";
				SWIFT_EMIT_LOC_STRINGS = NO;
				SWIFT_VERSION = 5.0;
				TARGETED_DEVICE_FAMILY = "1,2";
				TEST_HOST = "$(BUILT_PRODUCTS_DIR)/Landmarks.app/$(BUNDLE_EXECUTABLE_FOLDER_PATH)/Landmarks";
			};
			name = Release;
		};
		26523A1C29869D52003A3F37 /* Debug */ = {
			isa = XCBuildConfiguration;
			buildSettings = {
				ALWAYS_EMBED_SWIFT_STANDARD_LIBRARIES = YES;
				CODE_SIGN_STYLE = Automatic;
				CURRENT_PROJECT_VERSION = 1;
				DEVELOPMENT_TEAM = DW62KDRSF4;
				GENERATE_INFOPLIST_FILE = YES;
				MARKETING_VERSION = 1.0;
				PRODUCT_BUNDLE_IDENTIFIER = "com.dashimaki-dofu.LandmarksUITests";
				PRODUCT_NAME = "$(TARGET_NAME)";
				SWIFT_EMIT_LOC_STRINGS = NO;
				SWIFT_VERSION = 5.0;
				TARGETED_DEVICE_FAMILY = "1,2";
				TEST_TARGET_NAME = Landmarks;
			};
			name = Debug;
		};
		26523A1D29869D52003A3F37 /* Release */ = {
			isa = XCBuildConfiguration;
			buildSettings = {
				ALWAYS_EMBED_SWIFT_STANDARD_LIBRARIES = YES;
				CODE_SIGN_STYLE = Automatic;
				CURRENT_PROJECT_VERSION = 1;
				DEVELOPMENT_TEAM = DW62KDRSF4;
				GENERATE_INFOPLIST_FILE = YES;
				MARKETING_VERSION = 1.0;
				PRODUCT_BUNDLE_IDENTIFIER = "com.dashimaki-dofu.LandmarksUITests";
				PRODUCT_NAME = "$(TARGET_NAME)";
				SWIFT_EMIT_LOC_STRINGS = NO;
				SWIFT_VERSION = 5.0;
				TARGETED_DEVICE_FAMILY = "1,2";
				TEST_TARGET_NAME = Landmarks;
			};
			name = Release;
		};
/* End XCBuildConfiguration section */

/* Begin XCConfigurationList section */
		265239E729869D4F003A3F37 /* Build configuration list for PBXProject "Landmarks" */ = {
			isa = XCConfigurationList;
			buildConfigurations = (
				26523A1329869D52003A3F37 /* Debug */,
				26523A1429869D52003A3F37 /* Release */,
			);
			defaultConfigurationIsVisible = 0;
			defaultConfigurationName = Release;
		};
		26523A1529869D52003A3F37 /* Build configuration list for PBXNativeTarget "Landmarks" */ = {
			isa = XCConfigurationList;
			buildConfigurations = (
				26523A1629869D52003A3F37 /* Debug */,
				26523A1729869D52003A3F37 /* Release */,
			);
			defaultConfigurationIsVisible = 0;
			defaultConfigurationName = Release;
		};
		26523A1829869D52003A3F37 /* Build configuration list for PBXNativeTarget "LandmarksTests" */ = {
			isa = XCConfigurationList;
			buildConfigurations = (
				26523A1929869D52003A3F37 /* Debug */,
				26523A1A29869D52003A3F37 /* Release */,
			);
			defaultConfigurationIsVisible = 0;
			defaultConfigurationName = Release;
		};
		26523A1B29869D52003A3F37 /* Build configuration list for PBXNativeTarget "LandmarksUITests" */ = {
			isa = XCConfigurationList;
			buildConfigurations = (
				26523A1C29869D52003A3F37 /* Debug */,
				26523A1D29869D52003A3F37 /* Release */,
			);
			defaultConfigurationIsVisible = 0;
			defaultConfigurationName = Release;
		};
/* End XCConfigurationList section */

/* Begin XCVersionGroup section */
		265239FA29869D51003A3F37 /* Landmarks.xcdatamodeld */ = {
			isa = XCVersionGroup;
			children = (
				265239FB29869D51003A3F37 /* Landmarks.xcdatamodel */,
			);
			currentVersion = 265239FB29869D51003A3F37 /* Landmarks.xcdatamodel */;
			path = Landmarks.xcdatamodeld;
			sourceTree = "<group>";
			versionGroupType = wrapper.xcdatamodel;
		};
/* End XCVersionGroup section */
	};
	rootObject = 265239E429869D4F003A3F37 /* Project object */;
}
